
Microsoft Visual Studio Solution File, Format Version 12.00
# Visual Studio Version 17
VisualStudioVersion = 17.10.35122.118
MinimumVisualStudioVersion = 10.0.40219.1
Project("{FAE04EC0-301F-11D3-BF4B-00C04F79EFBC}") = "Generator_faktur_FORM", "Generator_faktur_FORM\Generator_faktur_FORM.csproj", "{D16CE567-CBAA-4625-8DDB-D088F50C3DFA}"
EndProject
Global
	GlobalSection(SolutionConfigurationPlatforms) = preSolution
		Debug|Any CPU = Debug|Any CPU
		Release|Any CPU = Release|Any CPU
	EndGlobalSection
	GlobalSection(ProjectConfigurationPlatforms) = postSolution
		{D16CE567-CBAA-4625-8DDB-D088F50C3DFA}.Debug|Any CPU.ActiveCfg = Debug|Any CPU
		{D16CE567-CBAA-4625-8DDB-D088F50C3DFA}.Debug|Any CPU.Build.0 = Debug|Any CPU
		{D16CE567-CBAA-4625-8DDB-D088F50C3DFA}.Release|Any CPU.ActiveCfg = Release|Any CPU
		{D16CE567-CBAA-4625-8DDB-D088F50C3DFA}.Release|Any CPU.Build.0 = Release|Any CPU
	EndGlobalSection
	GlobalSection(SolutionProperties) = preSolution
		HideSolutionNode = FALSE
	EndGlobalSection
	GlobalSection(ExtensibilityGlobals) = postSolution
		SolutionGuid = {DE47DAB6-8C3C-4211-BC20-C4F67FF38D31}
	EndGlobalSection
EndGlobal
